
Microsoft Visual Studio Solution File, Format Version 12.00
# Visual Studio Version 16
VisualStudioVersion = 16.0.31424.327
MinimumVisualStudioVersion = 10.0.40219.1
Project("{FAE04EC0-301F-11D3-BF4B-00C04F79EFBC}") = "ShellCodeLoader", "ShellCodeLoader\ShellCodeLoader.csproj", "{B2A57A97-4D88-4942-A4B3-06AA466080F2}"
EndProject
Project("{FAE04EC0-301F-11D3-BF4B-00C04F79EFBC}") = "Test", "Test\Test.csproj", "{9B489FF7-A0FB-4813-96AD-B6D604DA87FC}"
EndProject
Project("{8BC9CEB8-8B4A-11D0-8D11-00A0C91BC942}") = "PayloadCpp", "PayloadCpp\PayloadCpp.vcxproj", "{05027976-CAC5-447F-84B6-77F38AF2566C}"
EndProject
Project("{FAE04EC0-301F-11D3-BF4B-00C04F79EFBC}") = "PayloadCSharp", "PayloadCSharp\PayloadCSharp.csproj", "{485173CC-FE2B-423B-81F6-EC812DBD6DF3}"
EndProject
Global
	GlobalSection(SolutionConfigurationPlatforms) = preSolution
		Debug|Any CPU = Debug|Any CPU
		Debug|x64 = Debug|x64
		Debug|x86 = Debug|x86
		Release|Any CPU = Release|Any CPU
		Release|x64 = Release|x64
		Release|x86 = Release|x86
	EndGlobalSection
	GlobalSection(ProjectConfigurationPlatforms) = postSolution
		{B2A57A97-4D88-4942-A4B3-06AA466080F2}.Debug|Any CPU.ActiveCfg = Debug|Any CPU
		{B2A57A97-4D88-4942-A4B3-06AA466080F2}.Debug|Any CPU.Build.0 = Debug|Any CPU
		{B2A57A97-4D88-4942-A4B3-06AA466080F2}.Debug|x64.ActiveCfg = Debug|Any CPU
		{B2A57A97-4D88-4942-A4B3-06AA466080F2}.Debug|x64.Build.0 = Debug|Any CPU
		{B2A57A97-4D88-4942-A4B3-06AA466080F2}.Debug|x86.ActiveCfg = Debug|Any CPU
		{B2A57A97-4D88-4942-A4B3-06AA466080F2}.Debug|x86.Build.0 = Debug|Any CPU
		{B2A57A97-4D88-4942-A4B3-06AA466080F2}.Release|Any CPU.ActiveCfg = Release|Any CPU
		{B2A57A97-4D88-4942-A4B3-06AA466080F2}.Release|Any CPU.Build.0 = Release|Any CPU
		{B2A57A97-4D88-4942-A4B3-06AA466080F2}.Release|x64.ActiveCfg = Release|Any CPU
		{B2A57A97-4D88-4942-A4B3-06AA466080F2}.Release|x64.Build.0 = Release|Any CPU
		{B2A57A97-4D88-4942-A4B3-06AA466080F2}.Release|x86.ActiveCfg = Release|Any CPU
		{B2A57A97-4D88-4942-A4B3-06AA466080F2}.Release|x86.Build.0 = Release|Any CPU
		{9B489FF7-A0FB-4813-96AD-B6D604DA87FC}.Debug|Any CPU.ActiveCfg = Debug|Any CPU
		{9B489FF7-A0FB-4813-96AD-B6D604DA87FC}.Debug|Any CPU.Build.0 = Debug|Any CPU
		{9B489FF7-A0FB-4813-96AD-B6D604DA87FC}.Debug|x64.ActiveCfg = Debug|x64
		{9B489FF7-A0FB-4813-96AD-B6D604DA87FC}.Debug|x64.Build.0 = Debug|x64
		{9B489FF7-A0FB-4813-96AD-B6D604DA87FC}.Debug|x86.ActiveCfg = Debug|Any CPU
		{9B489FF7-A0FB-4813-96AD-B6D604DA87FC}.Debug|x86.Build.0 = Debug|Any CPU
		{9B489FF7-A0FB-4813-96AD-B6D604DA87FC}.Release|Any CPU.ActiveCfg = Debug|Any CPU
		{9B489FF7-A0FB-4813-96AD-B6D604DA87FC}.Release|Any CPU.Build.0 = Debug|Any CPU
		{9B489FF7-A0FB-4813-96AD-B6D604DA87FC}.Release|x64.ActiveCfg = Release|Any CPU
		{9B489FF7-A0FB-4813-96AD-B6D604DA87FC}.Release|x64.Build.0 = Release|Any CPU
		{9B489FF7-A0FB-4813-96AD-B6D604DA87FC}.Release|x86.ActiveCfg = Release|Any CPU
		{9B489FF7-A0FB-4813-96AD-B6D604DA87FC}.Release|x86.Build.0 = Release|Any CPU
		{05027976-CAC5-447F-84B6-77F38AF2566C}.Debug|Any CPU.ActiveCfg = Debug|Win32
		{05027976-CAC5-447F-84B6-77F38AF2566C}.Debug|x64.ActiveCfg = Debug|x64
		{05027976-CAC5-447F-84B6-77F38AF2566C}.Debug|x64.Build.0 = Debug|x64
		{05027976-CAC5-447F-84B6-77F38AF2566C}.Debug|x86.ActiveCfg = Debug|Win32
		{05027976-CAC5-447F-84B6-77F38AF2566C}.Debug|x86.Build.0 = Debug|Win32
		{05027976-CAC5-447F-84B6-77F38AF2566C}.Release|Any CPU.ActiveCfg = Release|x64
		{05027976-CAC5-447F-84B6-77F38AF2566C}.Release|x64.ActiveCfg = Release|x64
		{05027976-CAC5-447F-84B6-77F38AF2566C}.Release|x64.Build.0 = Release|x64
		{05027976-CAC5-447F-84B6-77F38AF2566C}.Release|x86.ActiveCfg = Release|Win32
		{05027976-CAC5-447F-84B6-77F38AF2566C}.Release|x86.Build.0 = Release|Win32
		{485173CC-FE2B-423B-81F6-EC812DBD6DF3}.Debug|Any CPU.ActiveCfg = Debug|Any CPU
		{485173CC-FE2B-423B-81F6-EC812DBD6DF3}.Debug|Any CPU.Build.0 = Debug|Any CPU
		{485173CC-FE2B-423B-81F6-EC812DBD6DF3}.Debug|x64.ActiveCfg = Debug|Any CPU
		{485173CC-FE2B-423B-81F6-EC812DBD6DF3}.Debug|x64.Build.0 = Debug|Any CPU
		{485173CC-FE2B-423B-81F6-EC812DBD6DF3}.Debug|x86.ActiveCfg = Debug|Any CPU
		{485173CC-FE2B-423B-81F6-EC812DBD6DF3}.Debug|x86.Build.0 = Debug|Any CPU
		{485173CC-FE2B-423B-81F6-EC812DBD6DF3}.Release|Any CPU.ActiveCfg = Release|x64
		{485173CC-FE2B-423B-81F6-EC812DBD6DF3}.Release|Any CPU.Build.0 = Release|x64
		{485173CC-FE2B-423B-81F6-EC812DBD6DF3}.Release|x64.ActiveCfg = Release|Any CPU
		{485173CC-FE2B-423B-81F6-EC812DBD6DF3}.Release|x64.Build.0 = Release|Any CPU
		{485173CC-FE2B-423B-81F6-EC812DBD6DF3}.Release|x86.ActiveCfg = Release|Any CPU
		{485173CC-FE2B-423B-81F6-EC812DBD6DF3}.Release|x86.Build.0 = Release|Any CPU
	EndGlobalSection
	GlobalSection(SolutionProperties) = preSolution
		HideSolutionNode = FALSE
	EndGlobalSection
	GlobalSection(ExtensibilityGlobals) = postSolution
		SolutionGuid = {B998DA35-8161-45C6-97FA-6150295262FD}
	EndGlobalSection
EndGlobal
